# THIS IS AN AUTOGENERATED FILE. DO NOT EDIT THIS FILE DIRECTLY.
# yarn lockfile v1


bootswatch@^5.3.2:
  version "5.3.2"
  resolved "https://registry.yarnpkg.com/bootswatch/-/bootswatch-5.3.2.tgz#b59aa9d37671cb25dd781e4a6d6773008d6c9356"
  integrity sha512-r05xOSLSx7MJvjpk/uoU8wPYgkPHWLV+uenLaRsS7yBsqSUcWYPjeUkz+tmrRv6s1eFxkF08NvQfBSSPCTyYaA==

yarn@^1.22.21:
  version "1.22.21"
  resolved "https://registry.yarnpkg.com/yarn/-/yarn-1.22.21.tgz#1959a18351b811cdeedbd484a8f86c3cc3bbaf72"
  integrity sha512-ynXaJsADJ9JiZ84zU25XkPGOvVMmZ5b7tmTSpKURYwgELdjucAOydqIOrOfTxVYcNXe91xvLZwcRh68SR3liCg==
